
Microsoft Visual Studio Solution File, Format Version 12.00
# Visual Studio Version 17
VisualStudioVersion = 17.14.36518.9
MinimumVisualStudioVersion = 10.0.40219.1
Project("{FAE04EC0-301F-11D3-BF4B-00C04F79EFBC}") = "Presentacion", "Presentacion\Presentacion.csproj", "{5C86A83A-A202-4003-9136-0ECCE737FA0C}"
EndProject
Project("{FAE04EC0-301F-11D3-BF4B-00C04F79EFBC}") = "Dominio", "Dominio\Dominio.csproj", "{07BB5B13-52A4-412B-99F8-A7EEBD65D055}"
EndProject
Project("{FAE04EC0-301F-11D3-BF4B-00C04F79EFBC}") = "Negocio", "Negocio\Negocio.csproj", "{ADF5119A-CB36-413E-BAF9-FDD0977A4E3E}"
EndProject
Global
	GlobalSection(SolutionConfigurationPlatforms) = preSolution
		Debug|Any CPU = Debug|Any CPU
		Release|Any CPU = Release|Any CPU
	EndGlobalSection
	GlobalSection(ProjectConfigurationPlatforms) = postSolution
		{5C86A83A-A202-4003-9136-0ECCE737FA0C}.Debug|Any CPU.ActiveCfg = Debug|Any CPU
		{5C86A83A-A202-4003-9136-0ECCE737FA0C}.Debug|Any CPU.Build.0 = Debug|Any CPU
		{5C86A83A-A202-4003-9136-0ECCE737FA0C}.Release|Any CPU.ActiveCfg = Release|Any CPU
		{5C86A83A-A202-4003-9136-0ECCE737FA0C}.Release|Any CPU.Build.0 = Release|Any CPU
		{07BB5B13-52A4-412B-99F8-A7EEBD65D055}.Debug|Any CPU.ActiveCfg = Debug|Any CPU
		{07BB5B13-52A4-412B-99F8-A7EEBD65D055}.Debug|Any CPU.Build.0 = Debug|Any CPU
		{07BB5B13-52A4-412B-99F8-A7EEBD65D055}.Release|Any CPU.ActiveCfg = Release|Any CPU
		{07BB5B13-52A4-412B-99F8-A7EEBD65D055}.Release|Any CPU.Build.0 = Release|Any CPU
		{ADF5119A-CB36-413E-BAF9-FDD0977A4E3E}.Debug|Any CPU.ActiveCfg = Debug|Any CPU
		{ADF5119A-CB36-413E-BAF9-FDD0977A4E3E}.Debug|Any CPU.Build.0 = Debug|Any CPU
		{ADF5119A-CB36-413E-BAF9-FDD0977A4E3E}.Release|Any CPU.ActiveCfg = Release|Any CPU
		{ADF5119A-CB36-413E-BAF9-FDD0977A4E3E}.Release|Any CPU.Build.0 = Release|Any CPU
	EndGlobalSection
	GlobalSection(SolutionProperties) = preSolution
		HideSolutionNode = FALSE
	EndGlobalSection
	GlobalSection(ExtensibilityGlobals) = postSolution
		SolutionGuid = {A17A0583-5151-4861-B508-91514C3BF88F}
	EndGlobalSection
EndGlobal
